// !$*UTF8*$!
{
	archiveVersion = 1;
	classes = {
	};
	objectVersion = 50;
	objects = {

/* Begin PBXBuildFile section */
		88A6E244AF32D4C5143FFC1A /* Pods_Calender.framework in Frameworks */ = {isa = PBXBuildFile; fileRef = 57E0A171B455F659724A4605 /* Pods_Calender.framework */; };
		9C94EFE921B4DAA800DA31A7 /* TaskViewController.swift in Sources */ = {isa = PBXBuildFile; fileRef = 9C94EFE821B4DAA800DA31A7 /* TaskViewController.swift */; };
		9C94EFEB21B4DAC800DA31A7 /* EventViewController.swift in Sources */ = {isa = PBXBuildFile; fileRef = 9C94EFEA21B4DAC800DA31A7 /* EventViewController.swift */; };
		9C94EFED21B4DC9700DA31A7 /* DateDetailsViewController.swift in Sources */ = {isa = PBXBuildFile; fileRef = 9C94EFEC21B4DC9700DA31A7 /* DateDetailsViewController.swift */; };
		9CC52D7721B99FDD00759CEF /* DateModel.swift in Sources */ = {isa = PBXBuildFile; fileRef = 9CC52D7621B99FDD00759CEF /* DateModel.swift */; };
		9CC914A221ADF14C004CF0AC /* ItemViewCell.swift in Sources */ = {isa = PBXBuildFile; fileRef = 9CC914A121ADF14C004CF0AC /* ItemViewCell.swift */; };
		9CC914C321AF95AB004CF0AC /* EventModel.swift in Sources */ = {isa = PBXBuildFile; fileRef = 9CC914C221AF95AB004CF0AC /* EventModel.swift */; };
		9CFC42FB21AC608A001A92C0 /* AppDelegate.swift in Sources */ = {isa = PBXBuildFile; fileRef = 9CFC42FA21AC608A001A92C0 /* AppDelegate.swift */; };
		9CFC42FD21AC608A001A92C0 /* ViewController.swift in Sources */ = {isa = PBXBuildFile; fileRef = 9CFC42FC21AC608A001A92C0 /* ViewController.swift */; };
		9CFC430021AC608A001A92C0 /* Main.storyboard in Resources */ = {isa = PBXBuildFile; fileRef = 9CFC42FE21AC608A001A92C0 /* Main.storyboard */; };
		9CFC430221AC608B001A92C0 /* Assets.xcassets in Resources */ = {isa = PBXBuildFile; fileRef = 9CFC430121AC608B001A92C0 /* Assets.xcassets */; };
		9CFC430521AC608B001A92C0 /* LaunchScreen.storyboard in Resources */ = {isa = PBXBuildFile; fileRef = 9CFC430321AC608B001A92C0 /* LaunchScreen.storyboard */; };
		9CFC430D21AC62BC001A92C0 /* CustomCell.swift in Sources */ = {isa = PBXBuildFile; fileRef = 9CFC430C21AC62BC001A92C0 /* CustomCell.swift */; };
		D8D4E4C021B74798009AB120 /* ReoccuringEventViewController.swift in Sources */ = {isa = PBXBuildFile; fileRef = D8D4E4BF21B74798009AB120 /* ReoccuringEventViewController.swift */; };
/* End PBXBuildFile section */

/* Begin PBXFileReference section */
		41FE31932911AA4214C9C13C /* Pods-Calender.release.xcconfig */ = {isa = PBXFileReference; includeInIndex = 1; lastKnownFileType = text.xcconfig; name = "Pods-Calender.release.xcconfig"; path = "Pods/Target Support Files/Pods-Calender/Pods-Calender.release.xcconfig"; sourceTree = "<group>"; };
		57E0A171B455F659724A4605 /* Pods_Calender.framework */ = {isa = PBXFileReference; explicitFileType = wrapper.framework; includeInIndex = 0; path = Pods_Calender.framework; sourceTree = BUILT_PRODUCTS_DIR; };
		974E810AFAD888949BB21AD3 /* Pods-Calender.debug.xcconfig */ = {isa = PBXFileReference; includeInIndex = 1; lastKnownFileType = text.xcconfig; name = "Pods-Calender.debug.xcconfig"; path = "Pods/Target Support Files/Pods-Calender/Pods-Calender.debug.xcconfig"; sourceTree = "<group>"; };
		9C94EFE821B4DAA800DA31A7 /* TaskViewController.swift */ = {isa = PBXFileReference; lastKnownFileType = sourcecode.swift; path = TaskViewController.swift; sourceTree = "<group>"; };
		9C94EFEA21B4DAC800DA31A7 /* EventViewController.swift */ = {isa = PBXFileReference; lastKnownFileType = sourcecode.swift; path = EventViewController.swift; sourceTree = "<group>"; };
		9C94EFEC21B4DC9700DA31A7 /* DateDetailsViewController.swift */ = {isa = PBXFileReference; lastKnownFileType = sourcecode.swift; path = DateDetailsViewController.swift; sourceTree = "<group>"; };
		9CC52D7621B99FDD00759CEF /* DateModel.swift */ = {isa = PBXFileReference; lastKnownFileType = sourcecode.swift; path = DateModel.swift; sourceTree = "<group>"; };
		9CC914A121ADF14C004CF0AC /* ItemViewCell.swift */ = {isa = PBXFileReference; lastKnownFileType = sourcecode.swift; path = ItemViewCell.swift; sourceTree = "<group>"; };
		9CC914C221AF95AB004CF0AC /* EventModel.swift */ = {isa = PBXFileReference; lastKnownFileType = sourcecode.swift; path = EventModel.swift; sourceTree = "<group>"; };
		9CFC42F721AC608A001A92C0 /* Calender.app */ = {isa = PBXFileReference; explicitFileType = wrapper.application; includeInIndex = 0; path = Calender.app; sourceTree = BUILT_PRODUCTS_DIR; };
		9CFC42FA21AC608A001A92C0 /* AppDelegate.swift */ = {isa = PBXFileReference; lastKnownFileType = sourcecode.swift; path = AppDelegate.swift; sourceTree = "<group>"; };
		9CFC42FC21AC608A001A92C0 /* ViewController.swift */ = {isa = PBXFileReference; lastKnownFileType = sourcecode.swift; path = ViewController.swift; sourceTree = "<group>"; };
		9CFC42FF21AC608A001A92C0 /* Base */ = {isa = PBXFileReference; lastKnownFileType = file.storyboard; name = Base; path = Base.lproj/Main.storyboard; sourceTree = "<group>"; };
		9CFC430121AC608B001A92C0 /* Assets.xcassets */ = {isa = PBXFileReference; lastKnownFileType = folder.assetcatalog; path = Assets.xcassets; sourceTree = "<group>"; };
		9CFC430421AC608B001A92C0 /* Base */ = {isa = PBXFileReference; lastKnownFileType = file.storyboard; name = Base; path = Base.lproj/LaunchScreen.storyboard; sourceTree = "<group>"; };
		9CFC430621AC608B001A92C0 /* Info.plist */ = {isa = PBXFileReference; lastKnownFileType = text.plist.xml; path = Info.plist; sourceTree = "<group>"; };
		9CFC430C21AC62BC001A92C0 /* CustomCell.swift */ = {isa = PBXFileReference; lastKnownFileType = sourcecode.swift; path = CustomCell.swift; sourceTree = "<group>"; };
		D8D4E4BF21B74798009AB120 /* ReoccuringEventViewController.swift */ = {isa = PBXFileReference; lastKnownFileType = sourcecode.swift; path = ReoccuringEventViewController.swift; sourceTree = "<group>"; };
/* End PBXFileReference section */

/* Begin PBXFrameworksBuildPhase section */
		9CFC42F421AC608A001A92C0 /* Frameworks */ = {
			isa = PBXFrameworksBuildPhase;
			buildActionMask = 2147483647;
			files = (
				88A6E244AF32D4C5143FFC1A /* Pods_Calender.framework in Frameworks */,
			);
			runOnlyForDeploymentPostprocessing = 0;
		};
/* End PBXFrameworksBuildPhase section */

/* Begin PBXGroup section */
		309A280C103260087B0A49A3 /* Pods */ = {
			isa = PBXGroup;
			children = (
				974E810AFAD888949BB21AD3 /* Pods-Calender.debug.xcconfig */,
				41FE31932911AA4214C9C13C /* Pods-Calender.release.xcconfig */,
			);
			name = Pods;
			sourceTree = "<group>";
		};
		9CC914C121AF956D004CF0AC /* Model */ = {
			isa = PBXGroup;
			children = (
				9CC52D7621B99FDD00759CEF /* DateModel.swift */,
				9CC914C221AF95AB004CF0AC /* EventModel.swift */,
			);
			path = Model;
			sourceTree = "<group>";
		};
		9CFC42EE21AC608A001A92C0 = {
			isa = PBXGroup;
			children = (
				9CFC42F921AC608A001A92C0 /* Calender */,
				9CFC42F821AC608A001A92C0 /* Products */,
				309A280C103260087B0A49A3 /* Pods */,
				B256BCEC94D2B8326BA08DC3 /* Frameworks */,
			);
			sourceTree = "<group>";
		};
		9CFC42F821AC608A001A92C0 /* Products */ = {
			isa = PBXGroup;
			children = (
				9CFC42F721AC608A001A92C0 /* Calender.app */,
			);
			name = Products;
			sourceTree = "<group>";
		};
		9CFC42F921AC608A001A92C0 /* Calender */ = {
			isa = PBXGroup;
			children = (
				9CC914C121AF956D004CF0AC /* Model */,
				9CFC42FA21AC608A001A92C0 /* AppDelegate.swift */,
				9C94EFE821B4DAA800DA31A7 /* TaskViewController.swift */,
				D8D4E4BF21B74798009AB120 /* ReoccuringEventViewController.swift */,
				9C94EFEA21B4DAC800DA31A7 /* EventViewController.swift */,
				9C94EFEC21B4DC9700DA31A7 /* DateDetailsViewController.swift */,
				9CFC42FC21AC608A001A92C0 /* ViewController.swift */,
				9CFC42FE21AC608A001A92C0 /* Main.storyboard */,
				9CC914A121ADF14C004CF0AC /* ItemViewCell.swift */,
				9CFC430121AC608B001A92C0 /* Assets.xcassets */,
				9CFC430321AC608B001A92C0 /* LaunchScreen.storyboard */,
				9CFC430621AC608B001A92C0 /* Info.plist */,
				9CFC430C21AC62BC001A92C0 /* CustomCell.swift */,
			);
			path = Calender;
			sourceTree = "<group>";
		};
		B256BCEC94D2B8326BA08DC3 /* Frameworks */ = {
			isa = PBXGroup;
			children = (
				57E0A171B455F659724A4605 /* Pods_Calender.framework */,
			);
			name = Frameworks;
			sourceTree = "<group>";
		};
/* End PBXGroup section */

/* Begin PBXNativeTarget section */
		9CFC42F621AC608A001A92C0 /* Calender */ = {
			isa = PBXNativeTarget;
			buildConfigurationList = 9CFC430921AC608B001A92C0 /* Build configuration list for PBXNativeTarget "Calender" */;
			buildPhases = (
				F1C64DB815D59AD27FB36171 /* [CP] Check Pods Manifest.lock */,
				9CFC42F321AC608A001A92C0 /* Sources */,
				9CFC42F421AC608A001A92C0 /* Frameworks */,
				9CFC42F521AC608A001A92C0 /* Resources */,
				CFCE709FB91DBD3C729B1EAB /* [CP] Embed Pods Frameworks */,
			);
			buildRules = (
			);
			dependencies = (
			);
			name = Calender;
			productName = Calender;
			productReference = 9CFC42F721AC608A001A92C0 /* Calender.app */;
			productType = "com.apple.product-type.application";
		};
/* End PBXNativeTarget section */

/* Begin PBXProject section */
		9CFC42EF21AC608A001A92C0 /* Project object */ = {
			isa = PBXProject;
			attributes = {
				LastSwiftUpdateCheck = 1000;
				LastUpgradeCheck = 1000;
				ORGANIZATIONNAME = "Jesse Li";
				TargetAttributes = {
					9CFC42F621AC608A001A92C0 = {
						CreatedOnToolsVersion = 10.0;
					};
				};
			};
			buildConfigurationList = 9CFC42F221AC608A001A92C0 /* Build configuration list for PBXProject "Calender" */;
			compatibilityVersion = "Xcode 9.3";
			developmentRegion = en;
			hasScannedForEncodings = 0;
			knownRegions = (
				en,
				Base,
			);
			mainGroup = 9CFC42EE21AC608A001A92C0;
			productRefGroup = 9CFC42F821AC608A001A92C0 /* Products */;
			projectDirPath = "";
			projectRoot = "";
			targets = (
				9CFC42F621AC608A001A92C0 /* Calender */,
			);
		};
/* End PBXProject section */

/* Begin PBXResourcesBuildPhase section */
		9CFC42F521AC608A001A92C0 /* Resources */ = {
			isa = PBXResourcesBuildPhase;
			buildActionMask = 2147483647;
			files = (
				9CFC430521AC608B001A92C0 /* LaunchScreen.storyboard in Resources */,
				9CFC430221AC608B001A92C0 /* Assets.xcassets in Resources */,
				9CFC430021AC608A001A92C0 /* Main.storyboard in Resources */,
			);
			runOnlyForDeploymentPostprocessing = 0;
		};
/* End PBXResourcesBuildPhase section */

/* Begin PBXShellScriptBuildPhase section */
		CFCE709FB91DBD3C729B1EAB /* [CP] Embed Pods Frameworks */ = {
			isa = PBXShellScriptBuildPhase;
			buildActionMask = 2147483647;
			files = (
			);
			inputFileListPaths = (
			);
			inputPaths = (
				"${SRCROOT}/Pods/Target Support Files/Pods-Calender/Pods-Calender-frameworks.sh",
				"${BUILT_PRODUCTS_DIR}/JTAppleCalendar/JTAppleCalendar.framework",
				"${BUILT_PRODUCTS_DIR}/Realm/Realm.framework",
				"${BUILT_PRODUCTS_DIR}/RealmSwift/RealmSwift.framework",
			);
			name = "[CP] Embed Pods Frameworks";
			outputFileListPaths = (
			);
			outputPaths = (
				"${TARGET_BUILD_DIR}/${FRAMEWORKS_FOLDER_PATH}/JTAppleCalendar.framework",
				"${TARGET_BUILD_DIR}/${FRAMEWORKS_FOLDER_PATH}/Realm.framework",
				"${TARGET_BUILD_DIR}/${FRAMEWORKS_FOLDER_PATH}/RealmSwift.framework",
			);
			runOnlyForDeploymentPostprocessing = 0;
			shellPath = /bin/sh;
			shellScript = "\"${SRCROOT}/Pods/Target Support Files/Pods-Calender/Pods-Calender-frameworks.sh\"\n";
			showEnvVarsInLog = 0;
		};
		F1C64DB815D59AD27FB36171 /* [CP] Check Pods Manifest.lock */ = {
			isa = PBXShellScriptBuildPhase;
			buildActionMask = 2147483647;
			files = (
			);
			inputFileListPaths = (
			);
			inputPaths = (
				"${PODS_PODFILE_DIR_PATH}/Podfile.lock",
				"${PODS_ROOT}/Manifest.lock",
			);
			name = "[CP] Check Pods Manifest.lock";
			outputFileListPaths = (
			);
			outputPaths = (
				"$(DERIVED_FILE_DIR)/Pods-Calender-checkManifestLockResult.txt",
			);
			runOnlyForDeploymentPostprocessing = 0;
			shellPath = /bin/sh;
			shellScript = "diff \"${PODS_PODFILE_DIR_PATH}/Podfile.lock\" \"${PODS_ROOT}/Manifest.lock\" > /dev/null\nif [ $? != 0 ] ; then\n    # print error to STDERR\n    echo \"error: The sandbox is not in sync with the Podfile.lock. Run 'pod install' or update your CocoaPods installation.\" >&2\n    exit 1\nfi\n# This output is used by Xcode 'outputs' to avoid re-running this script phase.\necho \"SUCCESS\" > \"${SCRIPT_OUTPUT_FILE_0}\"\n";
			showEnvVarsInLog = 0;
		};
/* End PBXShellScriptBuildPhase section */

/* Begin PBXSourcesBuildPhase section */
		9CFC42F321AC608A001A92C0 /* Sources */ = {
			isa = PBXSourcesBuildPhase;
			buildActionMask = 2147483647;
			files = (
				9CFC42FD21AC608A001A92C0 /* ViewController.swift in Sources */,
				9CFC430D21AC62BC001A92C0 /* CustomCell.swift in Sources */,
				9C94EFEB21B4DAC800DA31A7 /* EventViewController.swift in Sources */,
				9CFC42FB21AC608A001A92C0 /* AppDelegate.swift in Sources */,
				9CC914C321AF95AB004CF0AC /* EventModel.swift in Sources */,
				9CC52D7721B99FDD00759CEF /* DateModel.swift in Sources */,
				9C94EFED21B4DC9700DA31A7 /* DateDetailsViewController.swift in Sources */,
				9CC914A221ADF14C004CF0AC /* ItemViewCell.swift in Sources */,
				D8D4E4C021B74798009AB120 /* ReoccuringEventViewController.swift in Sources */,
				9C94EFE921B4DAA800DA31A7 /* TaskViewController.swift in Sources */,
			);
			runOnlyForDeploymentPostprocessing = 0;
		};
/* End PBXSourcesBuildPhase section */

/* Begin PBXVariantGroup section */
		9CFC42FE21AC608A001A92C0 /* Main.storyboard */ = {
			isa = PBXVariantGroup;
			children = (
				9CFC42FF21AC608A001A92C0 /* Base */,
			);
			name = Main.storyboard;
			sourceTree = "<group>";
		};
		9CFC430321AC608B001A92C0 /* LaunchScreen.storyboard */ = {
			isa = PBXVariantGroup;
			children = (
				9CFC430421AC608B001A92C0 /* Base */,
			);
			name = LaunchScreen.storyboard;
			sourceTree = "<group>";
		};
/* End PBXVariantGroup section */

/* Begin XCBuildConfiguration section */
		9CFC430721AC608B001A92C0 /* Debug */ = {
			isa = XCBuildConfiguration;
			buildSettings = {
				ALWAYS_SEARCH_USER_PATHS = NO;
				CLANG_ANALYZER_NONNULL = YES;
				CLANG_ANALYZER_NUMBER_OBJECT_CONVERSION = YES_AGGRESSIVE;
				CLANG_CXX_LANGUAGE_STANDARD = "gnu++14";
				CLANG_CXX_LIBRARY = "libc++";
				CLANG_ENABLE_MODULES = YES;
				CLANG_ENABLE_OBJC_ARC = YES;
				CLANG_ENABLE_OBJC_WEAK = YES;
				CLANG_WARN_BLOCK_CAPTURE_AUTORELEASING = YES;
				CLANG_WARN_BOOL_CONVERSION = YES;
				CLANG_WARN_COMMA = YES;
				CLANG_WARN_CONSTANT_CONVERSION = YES;
				CLANG_WARN_DEPRECATED_OBJC_IMPLEMENTATIONS = YES;
				CLANG_WARN_DIRECT_OBJC_ISA_USAGE = YES_ERROR;
				CLANG_WARN_DOCUMENTATION_COMMENTS = YES;
				CLANG_WARN_EMPTY_BODY = YES;
				CLANG_WARN_ENUM_CONVERSION = YES;
				CLANG_WARN_INFINITE_RECURSION = YES;
				CLANG_WARN_INT_CONVERSION = YES;
				CLANG_WARN_NON_LITERAL_NULL_CONVERSION = YES;
				CLANG_WARN_OBJC_IMPLICIT_RETAIN_SELF = YES;
				CLANG_WARN_OBJC_LITERAL_CONVERSION = YES;
				CLANG_WARN_OBJC_ROOT_CLASS = YES_ERROR;
				CLANG_WARN_RANGE_LOOP_ANALYSIS = YES;
				CLANG_WARN_STRICT_PROTOTYPES = YES;
				CLANG_WARN_SUSPICIOUS_MOVE = YES;
				CLANG_WARN_UNGUARDED_AVAILABILITY = YES_AGGRESSIVE;
				CLANG_WARN_UNREACHABLE_CODE = YES;
				CLANG_WARN__DUPLICATE_METHOD_MATCH = YES;
				CODE_SIGN_IDENTITY = "iPhone Developer";
				COPY_PHASE_STRIP = NO;
				DEBUG_INFORMATION_FORMAT = dwarf;
				ENABLE_STRICT_OBJC_MSGSEND = YES;
				ENABLE_TESTABILITY = YES;
				GCC_C_LANGUAGE_STANDARD = gnu11;
				GCC_DYNAMIC_NO_PIC = NO;
				GCC_NO_COMMON_BLOCKS = YES;
				GCC_OPTIMIZATION_LEVEL = 0;
				GCC_PREPROCESSOR_DEFINITIONS = (
					"DEBUG=1",
					"$(inherited)",
				);
				GCC_WARN_64_TO_32_BIT_CONVERSION = YES;
				GCC_WARN_ABOUT_RETURN_TYPE = YES_ERROR;
				GCC_WARN_UNDECLARED_SELECTOR = YES;
				GCC_WARN_UNINITIALIZED_AUTOS = YES_AGGRESSIVE;
				GCC_WARN_UNUSED_FUNCTION = YES;
				GCC_WARN_UNUSED_VARIABLE = YES;
				IPHONEOS_DEPLOYMENT_TARGET = 12.0;
				MTL_ENABLE_DEBUG_INFO = INCLUDE_SOURCE;
				MTL_FAST_MATH = YES;
				ONLY_ACTIVE_ARCH = YES;
				SDKROOT = iphoneos;
				SWIFT_ACTIVE_COMPILATION_CONDITIONS = DEBUG;
				SWIFT_OPTIMIZATION_LEVEL = "-Onone";
			};
			name = Debug;
		};
		9CFC430821AC608B001A92C0 /* Release */ = {
			isa = XCBuildConfiguration;
			buildSettings = {
				ALWAYS_SEARCH_USER_PATHS = NO;
				CLANG_ANALYZER_NONNULL = YES;
				CLANG_ANALYZER_NUMBER_OBJECT_CONVERSION = YES_AGGRESSIVE;
				CLANG_CXX_LANGUAGE_STANDARD = "gnu++14";
				CLANG_CXX_LIBRARY = "libc++";
				CLANG_ENABLE_MODULES = YES;
				CLANG_ENABLE_OBJC_ARC = YES;
				CLANG_ENABLE_OBJC_WEAK = YES;
				CLANG_WARN_BLOCK_CAPTURE_AUTORELEASING = YES;
				CLANG_WARN_BOOL_CONVERSION = YES;
				CLANG_WARN_COMMA = YES;
				CLANG_WARN_CONSTANT_CONVERSION = YES;
				CLANG_WARN_DEPRECATED_OBJC_IMPLEMENTATIONS = YES;
				CLANG_WARN_DIRECT_OBJC_ISA_USAGE = YES_ERROR;
				CLANG_WARN_DOCUMENTATION_COMMENTS = YES;
				CLANG_WARN_EMPTY_BODY = YES;
				CLANG_WARN_ENUM_CONVERSION = YES;
				CLANG_WARN_INFINITE_RECURSION = YES;
				CLANG_WARN_INT_CONVERSION = YES;
				CLANG_WARN_NON_LITERAL_NULL_CONVERSION = YES;
				CLANG_WARN_OBJC_IMPLICIT_RETAIN_SELF = YES;
				CLANG_WARN_OBJC_LITERAL_CONVERSION = YES;
				CLANG_WARN_OBJC_ROOT_CLASS = YES_ERROR;
				CLANG_WARN_RANGE_LOOP_ANALYSIS = YES;
				CLANG_WARN_STRICT_PROTOTYPES = YES;
				CLANG_WARN_SUSPICIOUS_MOVE = YES;
				CLANG_WARN_UNGUARDED_AVAILABILITY = YES_AGGRESSIVE;
				CLANG_WARN_UNREACHABLE_CODE = YES;
				CLANG_WARN__DUPLICATE_METHOD_MATCH = YES;
				CODE_SIGN_IDENTITY = "iPhone Developer";
				COPY_PHASE_STRIP = NO;
				DEBUG_INFORMATION_FORMAT = "dwarf-with-dsym";
				ENABLE_NS_ASSERTIONS = NO;
				ENABLE_STRICT_OBJC_MSGSEND = YES;
				GCC_C_LANGUAGE_STANDARD = gnu11;
				GCC_NO_COMMON_BLOCKS = YES;
				GCC_WARN_64_TO_32_BIT_CONVERSION = YES;
				GCC_WARN_ABOUT_RETURN_TYPE = YES_ERROR;
				GCC_WARN_UNDECLARED_SELECTOR = YES;
				GCC_WARN_UNINITIALIZED_AUTOS = YES_AGGRESSIVE;
				GCC_WARN_UNUSED_FUNCTION = YES;
				GCC_WARN_UNUSED_VARIABLE = YES;
				IPHONEOS_DEPLOYMENT_TARGET = 12.0;
				MTL_ENABLE_DEBUG_INFO = NO;
				MTL_FAST_MATH = YES;
				SDKROOT = iphoneos;
				SWIFT_COMPILATION_MODE = wholemodule;
				SWIFT_OPTIMIZATION_LEVEL = "-O";
				VALIDATE_PRODUCT = YES;
			};
			name = Release;
		};
		9CFC430A21AC608B001A92C0 /* Debug */ = {
			isa = XCBuildConfiguration;
			baseConfigurationReference = 974E810AFAD888949BB21AD3 /* Pods-Calender.debug.xcconfig */;
			buildSettings = {
				ASSETCATALOG_COMPILER_APPICON_NAME = AppIcon;
				CODE_SIGN_STYLE = Automatic;
				DEVELOPMENT_TEAM = 7WNP7L6966;
				INFOPLIST_FILE = Calender/Info.plist;
				LD_RUNPATH_SEARCH_PATHS = (
					"$(inherited)",
					"@executable_path/Frameworks",
				);
				PRODUCT_BUNDLE_IDENTIFIER = edu.missouri.jlbwm.Calender;
				PRODUCT_NAME = "$(TARGET_NAME)";
				SWIFT_VERSION = 4.2;
				TARGETED_DEVICE_FAMILY = "1,2";
			};
			name = Debug;
		};
		9CFC430B21AC608B001A92C0 /* Release */ = {
			isa = XCBuildConfiguration;
			baseConfigurationReference = 41FE31932911AA4214C9C13C /* Pods-Calender.release.xcconfig */;
			buildSettings = {
				ASSETCATALOG_COMPILER_APPICON_NAME = AppIcon;
				CODE_SIGN_STYLE = Automatic;
				DEVELOPMENT_TEAM = 7WNP7L6966;
				INFOPLIST_FILE = Calender/Info.plist;
				LD_RUNPATH_SEARCH_PATHS = (
					"$(inherited)",
					"@executable_path/Frameworks",
				);
				PRODUCT_BUNDLE_IDENTIFIER = edu.missouri.jlbwm.Calender;
				PRODUCT_NAME = "$(TARGET_NAME)";
				SWIFT_VERSION = 4.2;
				TARGETED_DEVICE_FAMILY = "1,2";
			};
			name = Release;
		};
/* End XCBuildConfiguration section */

/* Begin XCConfigurationList section */
		9CFC42F221AC608A001A92C0 /* Build configuration list for PBXProject "Calender" */ = {
			isa = XCConfigurationList;
			buildConfigurations = (
				9CFC430721AC608B001A92C0 /* Debug */,
				9CFC430821AC608B001A92C0 /* Release */,
			);
			defaultConfigurationIsVisible = 0;
			defaultConfigurationName = Release;
		};
		9CFC430921AC608B001A92C0 /* Build configuration list for PBXNativeTarget "Calender" */ = {
			isa = XCConfigurationList;
			buildConfigurations = (
				9CFC430A21AC608B001A92C0 /* Debug */,
				9CFC430B21AC608B001A92C0 /* Release */,
			);
			defaultConfigurationIsVisible = 0;
			defaultConfigurationName = Release;
		};
/* End XCConfigurationList section */
	};
	rootObject = 9CFC42EF21AC608A001A92C0 /* Project object */;
}
